{
    "_readme": [
        "This file locks the dependencies of your project to a known state",
        "Read more about it at https://getcomposer.org/doc/01-basic-usage.md#composer-lock-the-lock-file",
        "This file is @generated automatically"
    ],
    "hash": "538927aff299aafc7babe67f3cc2534a",
    "packages": [
        {
            "name": "aura/sqlquery",
            "version": "2.x-dev",
            "source": {
                "type": "git",
                "url": "https://github.com/auraphp/Aura.SqlQuery.git",
                "reference": "56540c0a3f63e50a40dc1ebeaa4f1bc556738d56"
            },
            "dist": {
                "type": "zip",
                "url": "https://api.github.com/repos/auraphp/Aura.SqlQuery/zipball/56540c0a3f63e50a40dc1ebeaa4f1bc556738d56",
                "reference": "56540c0a3f63e50a40dc1ebeaa4f1bc556738d56",
                "shasum": ""
            },
            "require": {
                "php": ">=5.3.0"
            },
            "suggest": {
                "aura/sql": "Provides an extension to the native PDO along with a profiler and connection locator. Use version 2.*."
            },
            "type": "library",
            "extra": {
                "aura": {
                    "type": "library"
                }
            },
            "autoload": {
                "psr-4": {
                    "Aura\\SqlQuery\\": "src/"
                }
            },
            "notification-url": "https://packagist.org/downloads/",
            "license": [
                "BSD-2-Clause"
            ],
            "authors": [
                {
                    "name": "Aura.SqlQuery Contributors",
                    "homepage": "https://github.com/auraphp/Aura.SqlQuery/contributors"
                }
            ],
            "description": "Object-oriented query builders for MySQL, Postgres, SQLite, and SQLServer; can be used with any database connection library.",
            "homepage": "https://github.com/auraphp/Aura.SqlQuery",
            "keywords": [
                "database",
                "db",
                "delete",
                "dml",
                "insert",
                "mysql",
                "pdo",
                "pgsql",
                "postgres",
                "postgresql",
                "query",
                "select",
                "sql",
                "sql server",
                "sqlite",
                "sqlserver",
                "update"
            ],
            "time": "2015-04-21 00:20:58"
        },
        {
            "name": "aura/sqlschema",
            "version": "2.x-dev",
            "source": {
                "type": "git",
                "url": "https://github.com/auraphp/Aura.SqlSchema.git",
                "reference": "052e32e0ae2e48cda1246cd8f22f7b6716befa1e"
            },
            "dist": {
                "type": "zip",
                "url": "https://api.github.com/repos/auraphp/Aura.SqlSchema/zipball/052e32e0ae2e48cda1246cd8f22f7b6716befa1e",
                "reference": "052e32e0ae2e48cda1246cd8f22f7b6716befa1e",
                "shasum": ""
            },
            "require": {
                "php": ">=5.3.0"
            },
            "type": "library",
            "extra": {
                "aura": {
                    "type": "library"
                }
            },
            "autoload": {
                "psr-4": {
                    "Aura\\SqlSchema\\": "src/"
                }
            },
            "notification-url": "https://packagist.org/downloads/",
            "license": [
                "BSD-2-Clause"
            ],
            "authors": [
                {
                    "name": "Aura.SqlSchema Contributors",
                    "homepage": "https://github.com/auraphp/Aura.SqlSchema/contributors"
                }
            ],
            "description": "Provides facilities to read table names and table columns from a database using PDO.",
            "homepage": "https://github.com/auraphp/Aura.SqlSchema",
            "keywords": [
                "database",
                "db",
                "ddl",
                "mysql",
                "pdo",
                "pgsql",
                "postgres",
                "postgresql",
                "schema",
                "sql",
                "sql server",
                "sqlite",
                "sqlserver",
                "sqlsrv"
            ],
            "time": "2015-04-04 15:52:40"
        },
        {
            "name": "twig/twig",
            "version": "v1.18.1",
            "source": {
                "type": "git",
                "url": "https://github.com/twigphp/Twig.git",
                "reference": "9f70492f44398e276d1b81c1b43adfe6751c7b7f"
            },
            "dist": {
                "type": "zip",
                "url": "https://api.github.com/repos/twigphp/Twig/zipball/9f70492f44398e276d1b81c1b43adfe6751c7b7f",
                "reference": "9f70492f44398e276d1b81c1b43adfe6751c7b7f",
                "shasum": ""
            },
            "require": {
                "php": ">=5.2.7"
            },
            "type": "library",
            "extra": {
                "branch-alias": {
                    "dev-master": "1.18-dev"
                }
            },
            "autoload": {
                "psr-0": {
                    "Twig_": "lib/"
                }
            },
            "notification-url": "https://packagist.org/downloads/",
            "license": [
                "BSD-3-Clause"
            ],
            "authors": [
                {
                    "name": "Fabien Potencier",
                    "email": "fabien@symfony.com",
                    "homepage": "http://fabien.potencier.org",
                    "role": "Lead Developer"
                },
                {
                    "name": "Armin Ronacher",
                    "email": "armin.ronacher@active-4.com",
                    "role": "Project Founder"
                },
                {
                    "name": "Twig Team",
                    "homepage": "http://twig.sensiolabs.org/contributors",
                    "role": "Contributors"
                }
            ],
            "description": "Twig, the flexible, fast, and secure template language for PHP",
            "homepage": "http://twig.sensiolabs.org",
            "keywords": [
                "templating"
            ],
            "time": "2015-04-19 08:30:27"
        }
    ],
    "packages-dev": [],
    "aliases": [],
    "minimum-stability": "stable",
    "stability-flags": {
        "aura/sqlschema": 20,
        "aura/sqlquery": 20
    },
    "prefer-stable": false,
    "prefer-lowest": false,
    "platform": [],
    "platform-dev": []
}
